
Microsoft Visual Studio Solution File, Format Version 12.00
# Visual Studio Version 17
VisualStudioVersion = 17.1.32328.378
MinimumVisualStudioVersion = 10.0.40219.1
Project("{FAE04EC0-301F-11D3-BF4B-00C04F79EFBC}") = "AplicacionNetMVC", "AplicacionNetMVC\AplicacionNetMVC.csproj", "{6107F1CB-A2C4-4254-8EBA-BF9E30B81A18}"
EndProject
Project("{2150E333-8FDC-42A3-9474-1A3956D46DE8}") = "Solution Items", "Solution Items", "{6FCAF7CC-1463-4AE5-B1B5-EEBBF9811D8B}"
	ProjectSection(SolutionItems) = preProject
		.editorconfig = .editorconfig
	EndProjectSection
EndProject
Global
	GlobalSection(SolutionConfigurationPlatforms) = preSolution
		Debug|Any CPU = Debug|Any CPU
		Release|Any CPU = Release|Any CPU
	EndGlobalSection
	GlobalSection(ProjectConfigurationPlatforms) = postSolution
		{6107F1CB-A2C4-4254-8EBA-BF9E30B81A18}.Debug|Any CPU.ActiveCfg = Debug|Any CPU
		{6107F1CB-A2C4-4254-8EBA-BF9E30B81A18}.Debug|Any CPU.Build.0 = Debug|Any CPU
		{6107F1CB-A2C4-4254-8EBA-BF9E30B81A18}.Release|Any CPU.ActiveCfg = Release|Any CPU
		{6107F1CB-A2C4-4254-8EBA-BF9E30B81A18}.Release|Any CPU.Build.0 = Release|Any CPU
	EndGlobalSection
	GlobalSection(SolutionProperties) = preSolution
		HideSolutionNode = FALSE
	EndGlobalSection
	GlobalSection(ExtensibilityGlobals) = postSolution
		SolutionGuid = {6521C053-E564-4896-AB78-1CAE718F95CA}
	EndGlobalSection
EndGlobal
