
Microsoft Visual Studio Solution File, Format Version 12.00
# Visual Studio Version 17
VisualStudioVersion = 17.1.32328.378
MinimumVisualStudioVersion = 10.0.40219.1
Project("{FAE04EC0-301F-11D3-BF4B-00C04F79EFBC}") = "HackerRank", "HackerRank\HackerRank.csproj", "{6BF1A2C5-8DCD-4C7D-856D-929D3DBDDC71}"
EndProject
Global
	GlobalSection(SolutionConfigurationPlatforms) = preSolution
		Debug|Any CPU = Debug|Any CPU
		Release|Any CPU = Release|Any CPU
	EndGlobalSection
	GlobalSection(ProjectConfigurationPlatforms) = postSolution
		{6BF1A2C5-8DCD-4C7D-856D-929D3DBDDC71}.Debug|Any CPU.ActiveCfg = Debug|Any CPU
		{6BF1A2C5-8DCD-4C7D-856D-929D3DBDDC71}.Debug|Any CPU.Build.0 = Debug|Any CPU
		{6BF1A2C5-8DCD-4C7D-856D-929D3DBDDC71}.Release|Any CPU.ActiveCfg = Release|Any CPU
		{6BF1A2C5-8DCD-4C7D-856D-929D3DBDDC71}.Release|Any CPU.Build.0 = Release|Any CPU
	EndGlobalSection
	GlobalSection(SolutionProperties) = preSolution
		HideSolutionNode = FALSE
	EndGlobalSection
	GlobalSection(ExtensibilityGlobals) = postSolution
		SolutionGuid = {C6535E8E-1E82-49D2-9DE6-19A5F5085A67}
	EndGlobalSection
EndGlobal
